
Microsoft Visual Studio Solution File, Format Version 12.00
# Visual Studio Version 17
VisualStudioVersion = 17.14.36603.0 d17.14
MinimumVisualStudioVersion = 10.0.40219.1
Project("{54A90642-561A-4BB1-A94E-469ADEE60C69}") = "wtwtest.client", "wtwtest.client\wtwtest.client.esproj", "{41EE705D-6EAE-191F-948E-60290791D786}"
EndProject
Project("{FAE04EC0-301F-11D3-BF4B-00C04F79EFBC}") = "WTWTest.Server", "WTWTest.Server\WTWTest.Server.csproj", "{16218A5F-DE9D-42A3-91ED-91B0244B881C}"
EndProject
Global
	GlobalSection(SolutionConfigurationPlatforms) = preSolution
		Debug|Any CPU = Debug|Any CPU
		Release|Any CPU = Release|Any CPU
	EndGlobalSection
	GlobalSection(ProjectConfigurationPlatforms) = postSolution
		{41EE705D-6EAE-191F-948E-60290791D786}.Debug|Any CPU.ActiveCfg = Debug|Any CPU
		{41EE705D-6EAE-191F-948E-60290791D786}.Debug|Any CPU.Build.0 = Debug|Any CPU
		{41EE705D-6EAE-191F-948E-60290791D786}.Debug|Any CPU.Deploy.0 = Debug|Any CPU
		{41EE705D-6EAE-191F-948E-60290791D786}.Release|Any CPU.ActiveCfg = Release|Any CPU
		{41EE705D-6EAE-191F-948E-60290791D786}.Release|Any CPU.Build.0 = Release|Any CPU
		{41EE705D-6EAE-191F-948E-60290791D786}.Release|Any CPU.Deploy.0 = Release|Any CPU
		{16218A5F-DE9D-42A3-91ED-91B0244B881C}.Debug|Any CPU.ActiveCfg = Debug|Any CPU
		{16218A5F-DE9D-42A3-91ED-91B0244B881C}.Debug|Any CPU.Build.0 = Debug|Any CPU
		{16218A5F-DE9D-42A3-91ED-91B0244B881C}.Release|Any CPU.ActiveCfg = Release|Any CPU
		{16218A5F-DE9D-42A3-91ED-91B0244B881C}.Release|Any CPU.Build.0 = Release|Any CPU
	EndGlobalSection
	GlobalSection(SolutionProperties) = preSolution
		HideSolutionNode = FALSE
	EndGlobalSection
	GlobalSection(ExtensibilityGlobals) = postSolution
		SolutionGuid = {195BD439-AAD9-4816-8A33-64939E4C8FD0}
	EndGlobalSection
EndGlobal
